
Microsoft Visual Studio Solution File, Format Version 12.00
# Visual Studio Version 17
VisualStudioVersion = 17.6.33815.320
MinimumVisualStudioVersion = 10.0.40219.1
Project("{9A19103F-16F7-4668-BE54-9A1E7A4F7556}") = "Phone_Seller_AspNetCore6", "Phone_Seller_AspNetCore6\Phone_Seller_AspNetCore6.csproj", "{6761AEC9-06BE-492C-B170-A57405690C30}"
EndProject
Project("{9A19103F-16F7-4668-BE54-9A1E7A4F7556}") = "Entities", "Entities\Entities.csproj", "{DE64DEDA-547B-4534-8FE2-F52E14EB3D25}"
EndProject
Project("{9A19103F-16F7-4668-BE54-9A1E7A4F7556}") = "DataAccess", "DataAccess\DataAccess.csproj", "{BF391C8D-0746-4B52-9CA4-1D0910133062}"
EndProject
Project("{9A19103F-16F7-4668-BE54-9A1E7A4F7556}") = "Business", "Business\Business.csproj", "{C93EABCF-6EFE-45FA-A4F0-AFB718B7A41F}"
EndProject
Global
	GlobalSection(SolutionConfigurationPlatforms) = preSolution
		Debug|Any CPU = Debug|Any CPU
		Release|Any CPU = Release|Any CPU
	EndGlobalSection
	GlobalSection(ProjectConfigurationPlatforms) = postSolution
		{6761AEC9-06BE-492C-B170-A57405690C30}.Debug|Any CPU.ActiveCfg = Debug|Any CPU
		{6761AEC9-06BE-492C-B170-A57405690C30}.Debug|Any CPU.Build.0 = Debug|Any CPU
		{6761AEC9-06BE-492C-B170-A57405690C30}.Release|Any CPU.ActiveCfg = Release|Any CPU
		{6761AEC9-06BE-492C-B170-A57405690C30}.Release|Any CPU.Build.0 = Release|Any CPU
		{DE64DEDA-547B-4534-8FE2-F52E14EB3D25}.Debug|Any CPU.ActiveCfg = Debug|Any CPU
		{DE64DEDA-547B-4534-8FE2-F52E14EB3D25}.Debug|Any CPU.Build.0 = Debug|Any CPU
		{DE64DEDA-547B-4534-8FE2-F52E14EB3D25}.Release|Any CPU.ActiveCfg = Release|Any CPU
		{DE64DEDA-547B-4534-8FE2-F52E14EB3D25}.Release|Any CPU.Build.0 = Release|Any CPU
		{BF391C8D-0746-4B52-9CA4-1D0910133062}.Debug|Any CPU.ActiveCfg = Debug|Any CPU
		{BF391C8D-0746-4B52-9CA4-1D0910133062}.Debug|Any CPU.Build.0 = Debug|Any CPU
		{BF391C8D-0746-4B52-9CA4-1D0910133062}.Release|Any CPU.ActiveCfg = Release|Any CPU
		{BF391C8D-0746-4B52-9CA4-1D0910133062}.Release|Any CPU.Build.0 = Release|Any CPU
		{C93EABCF-6EFE-45FA-A4F0-AFB718B7A41F}.Debug|Any CPU.ActiveCfg = Debug|Any CPU
		{C93EABCF-6EFE-45FA-A4F0-AFB718B7A41F}.Debug|Any CPU.Build.0 = Debug|Any CPU
		{C93EABCF-6EFE-45FA-A4F0-AFB718B7A41F}.Release|Any CPU.ActiveCfg = Release|Any CPU
		{C93EABCF-6EFE-45FA-A4F0-AFB718B7A41F}.Release|Any CPU.Build.0 = Release|Any CPU
	EndGlobalSection
	GlobalSection(SolutionProperties) = preSolution
		HideSolutionNode = FALSE
	EndGlobalSection
	GlobalSection(ExtensibilityGlobals) = postSolution
		SolutionGuid = {259AACBC-FA34-4B32-9890-8FFB4EC6AEB3}
	EndGlobalSection
EndGlobal
